
Microsoft Visual Studio Solution File, Format Version 12.00
# Visual Studio Version 17
VisualStudioVersion = 17.11.35303.130
MinimumVisualStudioVersion = 10.0.40219.1
Project("{FAE04EC0-301F-11D3-BF4B-00C04F79EFBC}") = "PruebaCrud", "PruebaCrud\PruebaCrud.csproj", "{71748343-A61B-42E5-8FEB-44FD450EF57D}"
EndProject
Global
	GlobalSection(SolutionConfigurationPlatforms) = preSolution
		Debug|Any CPU = Debug|Any CPU
		Release|Any CPU = Release|Any CPU
	EndGlobalSection
	GlobalSection(ProjectConfigurationPlatforms) = postSolution
		{71748343-A61B-42E5-8FEB-44FD450EF57D}.Debug|Any CPU.ActiveCfg = Debug|Any CPU
		{71748343-A61B-42E5-8FEB-44FD450EF57D}.Debug|Any CPU.Build.0 = Debug|Any CPU
		{71748343-A61B-42E5-8FEB-44FD450EF57D}.Release|Any CPU.ActiveCfg = Release|Any CPU
		{71748343-A61B-42E5-8FEB-44FD450EF57D}.Release|Any CPU.Build.0 = Release|Any CPU
	EndGlobalSection
	GlobalSection(SolutionProperties) = preSolution
		HideSolutionNode = FALSE
	EndGlobalSection
	GlobalSection(ExtensibilityGlobals) = postSolution
		SolutionGuid = {14B449E2-534A-4621-A2D6-8C55C17E1627}
	EndGlobalSection
EndGlobal
